
Microsoft Visual Studio Solution File, Format Version 12.00
# Visual Studio 2012
Project("{FAE04EC0-301F-11D3-BF4B-00C04F79EFBC}") = "toDelete_BlueToothClassic", "toDelete_BlueToothClassic\toDelete_BlueToothClassic.csproj", "{44687D56-4DD2-4CE8-9DD3-F8B2F6F94307}"
EndProject
Project("{FAE04EC0-301F-11D3-BF4B-00C04F79EFBC}") = "toDelete_BlueToothClassic.iOS", "iOS\toDelete_BlueToothClassic.iOS.csproj", "{500C739A-1CB3-4F65-AE8B-C090F82FD049}"
EndProject
Project("{FAE04EC0-301F-11D3-BF4B-00C04F79EFBC}") = "toDelete_BlueToothClassic.Droid", "Droid\toDelete_BlueToothClassic.Droid.csproj", "{2D6D241F-E78D-497A-BBFF-9C244A866E00}"
EndProject
Global
	GlobalSection(SolutionConfigurationPlatforms) = preSolution
		Debug|Any CPU = Debug|Any CPU
		Release|Any CPU = Release|Any CPU
		Debug|iPhoneSimulator = Debug|iPhoneSimulator
		Release|iPhoneSimulator = Release|iPhoneSimulator
		Debug|iPhone = Debug|iPhone
		Release|iPhone = Release|iPhone
		Ad-Hoc|iPhone = Ad-Hoc|iPhone
		AppStore|iPhone = AppStore|iPhone
	EndGlobalSection
	GlobalSection(ProjectConfigurationPlatforms) = postSolution
		{2D6D241F-E78D-497A-BBFF-9C244A866E00}.Ad-Hoc|iPhone.ActiveCfg = Release|Any CPU
		{2D6D241F-E78D-497A-BBFF-9C244A866E00}.Ad-Hoc|iPhone.Build.0 = Release|Any CPU
		{2D6D241F-E78D-497A-BBFF-9C244A866E00}.AppStore|iPhone.ActiveCfg = Release|Any CPU
		{2D6D241F-E78D-497A-BBFF-9C244A866E00}.AppStore|iPhone.Build.0 = Release|Any CPU
		{2D6D241F-E78D-497A-BBFF-9C244A866E00}.Debug|Any CPU.ActiveCfg = Debug|Any CPU
		{2D6D241F-E78D-497A-BBFF-9C244A866E00}.Debug|Any CPU.Build.0 = Debug|Any CPU
		{2D6D241F-E78D-497A-BBFF-9C244A866E00}.Debug|iPhone.ActiveCfg = Debug|Any CPU
		{2D6D241F-E78D-497A-BBFF-9C244A866E00}.Debug|iPhone.Build.0 = Debug|Any CPU
		{2D6D241F-E78D-497A-BBFF-9C244A866E00}.Debug|iPhoneSimulator.ActiveCfg = Debug|Any CPU
		{2D6D241F-E78D-497A-BBFF-9C244A866E00}.Debug|iPhoneSimulator.Build.0 = Debug|Any CPU
		{2D6D241F-E78D-497A-BBFF-9C244A866E00}.Release|Any CPU.ActiveCfg = Release|Any CPU
		{2D6D241F-E78D-497A-BBFF-9C244A866E00}.Release|Any CPU.Build.0 = Release|Any CPU
		{2D6D241F-E78D-497A-BBFF-9C244A866E00}.Release|iPhone.ActiveCfg = Release|Any CPU
		{2D6D241F-E78D-497A-BBFF-9C244A866E00}.Release|iPhone.Build.0 = Release|Any CPU
		{2D6D241F-E78D-497A-BBFF-9C244A866E00}.Release|iPhoneSimulator.ActiveCfg = Release|Any CPU
		{2D6D241F-E78D-497A-BBFF-9C244A866E00}.Release|iPhoneSimulator.Build.0 = Release|Any CPU
		{44687D56-4DD2-4CE8-9DD3-F8B2F6F94307}.Ad-Hoc|iPhone.ActiveCfg = Debug|Any CPU
		{44687D56-4DD2-4CE8-9DD3-F8B2F6F94307}.Ad-Hoc|iPhone.Build.0 = Debug|Any CPU
		{44687D56-4DD2-4CE8-9DD3-F8B2F6F94307}.AppStore|iPhone.ActiveCfg = Debug|Any CPU
		{44687D56-4DD2-4CE8-9DD3-F8B2F6F94307}.AppStore|iPhone.Build.0 = Debug|Any CPU
		{44687D56-4DD2-4CE8-9DD3-F8B2F6F94307}.Debug|Any CPU.ActiveCfg = Debug|Any CPU
		{44687D56-4DD2-4CE8-9DD3-F8B2F6F94307}.Debug|Any CPU.Build.0 = Debug|Any CPU
		{44687D56-4DD2-4CE8-9DD3-F8B2F6F94307}.Debug|iPhone.ActiveCfg = Debug|Any CPU
		{44687D56-4DD2-4CE8-9DD3-F8B2F6F94307}.Debug|iPhone.Build.0 = Debug|Any CPU
		{44687D56-4DD2-4CE8-9DD3-F8B2F6F94307}.Debug|iPhoneSimulator.ActiveCfg = Debug|Any CPU
		{44687D56-4DD2-4CE8-9DD3-F8B2F6F94307}.Debug|iPhoneSimulator.Build.0 = Debug|Any CPU
		{44687D56-4DD2-4CE8-9DD3-F8B2F6F94307}.Release|Any CPU.ActiveCfg = Release|Any CPU
		{44687D56-4DD2-4CE8-9DD3-F8B2F6F94307}.Release|Any CPU.Build.0 = Release|Any CPU
		{44687D56-4DD2-4CE8-9DD3-F8B2F6F94307}.Release|iPhone.ActiveCfg = Release|Any CPU
		{44687D56-4DD2-4CE8-9DD3-F8B2F6F94307}.Release|iPhone.Build.0 = Release|Any CPU
		{44687D56-4DD2-4CE8-9DD3-F8B2F6F94307}.Release|iPhoneSimulator.ActiveCfg = Release|Any CPU
		{44687D56-4DD2-4CE8-9DD3-F8B2F6F94307}.Release|iPhoneSimulator.Build.0 = Release|Any CPU
		{500C739A-1CB3-4F65-AE8B-C090F82FD049}.Ad-Hoc|iPhone.ActiveCfg = Ad-Hoc|iPhone
		{500C739A-1CB3-4F65-AE8B-C090F82FD049}.Ad-Hoc|iPhone.Build.0 = Ad-Hoc|iPhone
		{500C739A-1CB3-4F65-AE8B-C090F82FD049}.AppStore|iPhone.ActiveCfg = AppStore|iPhone
		{500C739A-1CB3-4F65-AE8B-C090F82FD049}.AppStore|iPhone.Build.0 = AppStore|iPhone
		{500C739A-1CB3-4F65-AE8B-C090F82FD049}.Debug|Any CPU.ActiveCfg = Debug|iPhoneSimulator
		{500C739A-1CB3-4F65-AE8B-C090F82FD049}.Debug|Any CPU.Build.0 = Debug|iPhoneSimulator
		{500C739A-1CB3-4F65-AE8B-C090F82FD049}.Debug|iPhone.ActiveCfg = Debug|iPhone
		{500C739A-1CB3-4F65-AE8B-C090F82FD049}.Debug|iPhone.Build.0 = Debug|iPhone
		{500C739A-1CB3-4F65-AE8B-C090F82FD049}.Debug|iPhoneSimulator.ActiveCfg = Debug|iPhoneSimulator
		{500C739A-1CB3-4F65-AE8B-C090F82FD049}.Debug|iPhoneSimulator.Build.0 = Debug|iPhoneSimulator
		{500C739A-1CB3-4F65-AE8B-C090F82FD049}.Release|Any CPU.ActiveCfg = Release|iPhoneSimulator
		{500C739A-1CB3-4F65-AE8B-C090F82FD049}.Release|Any CPU.Build.0 = Release|iPhoneSimulator
		{500C739A-1CB3-4F65-AE8B-C090F82FD049}.Release|iPhone.ActiveCfg = Release|iPhone
		{500C739A-1CB3-4F65-AE8B-C090F82FD049}.Release|iPhone.Build.0 = Release|iPhone
		{500C739A-1CB3-4F65-AE8B-C090F82FD049}.Release|iPhoneSimulator.ActiveCfg = Release|iPhoneSimulator
		{500C739A-1CB3-4F65-AE8B-C090F82FD049}.Release|iPhoneSimulator.Build.0 = Release|iPhoneSimulator
	EndGlobalSection
EndGlobal
